
Microsoft Visual Studio Solution File, Format Version 12.00
# Visual Studio Version 16
VisualStudioVersion = 16.0.30804.86
MinimumVisualStudioVersion = 10.0.40219.1
Project("{FAE04EC0-301F-11D3-BF4B-00C04F79EFBC}") = "03-ObservebleCollections", "03-ObservebleCollections\03-ObservebleCollections.csproj", "{0531751C-B016-4D28-AFE4-F884BCBF659C}"
EndProject
Global
	GlobalSection(SolutionConfigurationPlatforms) = preSolution
		Debug|Any CPU = Debug|Any CPU
		Release|Any CPU = Release|Any CPU
	EndGlobalSection
	GlobalSection(ProjectConfigurationPlatforms) = postSolution
		{0531751C-B016-4D28-AFE4-F884BCBF659C}.Debug|Any CPU.ActiveCfg = Debug|Any CPU
		{0531751C-B016-4D28-AFE4-F884BCBF659C}.Debug|Any CPU.Build.0 = Debug|Any CPU
		{0531751C-B016-4D28-AFE4-F884BCBF659C}.Release|Any CPU.ActiveCfg = Release|Any CPU
		{0531751C-B016-4D28-AFE4-F884BCBF659C}.Release|Any CPU.Build.0 = Release|Any CPU
	EndGlobalSection
	GlobalSection(SolutionProperties) = preSolution
		HideSolutionNode = FALSE
	EndGlobalSection
	GlobalSection(ExtensibilityGlobals) = postSolution
		SolutionGuid = {A8D18775-CDEC-4C11-8BF2-7084896632E2}
	EndGlobalSection
EndGlobal
