
Microsoft Visual Studio Solution File, Format Version 12.00
# Visual Studio Version 16
VisualStudioVersion = 16.0.30804.86
MinimumVisualStudioVersion = 10.0.40219.1
Project("{FAE04EC0-301F-11D3-BF4B-00C04F79EFBC}") = "06-Exercise", "06-Exercise\06-Exercise.csproj", "{4A6A00E2-050C-45ED-BB79-FAC6F5982DA1}"
EndProject
Global
	GlobalSection(SolutionConfigurationPlatforms) = preSolution
		Debug|Any CPU = Debug|Any CPU
		Release|Any CPU = Release|Any CPU
	EndGlobalSection
	GlobalSection(ProjectConfigurationPlatforms) = postSolution
		{4A6A00E2-050C-45ED-BB79-FAC6F5982DA1}.Debug|Any CPU.ActiveCfg = Debug|Any CPU
		{4A6A00E2-050C-45ED-BB79-FAC6F5982DA1}.Debug|Any CPU.Build.0 = Debug|Any CPU
		{4A6A00E2-050C-45ED-BB79-FAC6F5982DA1}.Release|Any CPU.ActiveCfg = Release|Any CPU
		{4A6A00E2-050C-45ED-BB79-FAC6F5982DA1}.Release|Any CPU.Build.0 = Release|Any CPU
	EndGlobalSection
	GlobalSection(SolutionProperties) = preSolution
		HideSolutionNode = FALSE
	EndGlobalSection
	GlobalSection(ExtensibilityGlobals) = postSolution
		SolutionGuid = {DFED5D71-40B8-4E80-B141-C22F157DF8D0}
	EndGlobalSection
EndGlobal
