
Microsoft Visual Studio Solution File, Format Version 12.00
# Visual Studio Version 16
VisualStudioVersion = 16.0.30611.23
MinimumVisualStudioVersion = 10.0.40219.1
Project("{FAE04EC0-301F-11D3-BF4B-00C04F79EFBC}") = "Singleton", "Singleton\Singleton.csproj", "{1CBCDEDE-B4A0-4CC3-967E-4B0171C9EFC2}"
EndProject
Global
	GlobalSection(SolutionConfigurationPlatforms) = preSolution
		Debug|Any CPU = Debug|Any CPU
		Release|Any CPU = Release|Any CPU
	EndGlobalSection
	GlobalSection(ProjectConfigurationPlatforms) = postSolution
		{1CBCDEDE-B4A0-4CC3-967E-4B0171C9EFC2}.Debug|Any CPU.ActiveCfg = Debug|Any CPU
		{1CBCDEDE-B4A0-4CC3-967E-4B0171C9EFC2}.Debug|Any CPU.Build.0 = Debug|Any CPU
		{1CBCDEDE-B4A0-4CC3-967E-4B0171C9EFC2}.Release|Any CPU.ActiveCfg = Release|Any CPU
		{1CBCDEDE-B4A0-4CC3-967E-4B0171C9EFC2}.Release|Any CPU.Build.0 = Release|Any CPU
	EndGlobalSection
	GlobalSection(SolutionProperties) = preSolution
		HideSolutionNode = FALSE
	EndGlobalSection
	GlobalSection(ExtensibilityGlobals) = postSolution
		SolutionGuid = {4CF26956-C31B-4D51-8187-2EDFDAB28A0B}
	EndGlobalSection
EndGlobal
