
Microsoft Visual Studio Solution File, Format Version 12.00
# Visual Studio Version 16
VisualStudioVersion = 16.0.30804.86
MinimumVisualStudioVersion = 10.0.40219.1
Project("{FAE04EC0-301F-11D3-BF4B-00C04F79EFBC}") = "04.Exercise", "04.Exercise\04.Exercise.csproj", "{4AA1B681-E62F-4840-A114-F26F86A245D4}"
EndProject
Global
	GlobalSection(SolutionConfigurationPlatforms) = preSolution
		Debug|Any CPU = Debug|Any CPU
		Release|Any CPU = Release|Any CPU
	EndGlobalSection
	GlobalSection(ProjectConfigurationPlatforms) = postSolution
		{4AA1B681-E62F-4840-A114-F26F86A245D4}.Debug|Any CPU.ActiveCfg = Debug|Any CPU
		{4AA1B681-E62F-4840-A114-F26F86A245D4}.Debug|Any CPU.Build.0 = Debug|Any CPU
		{4AA1B681-E62F-4840-A114-F26F86A245D4}.Release|Any CPU.ActiveCfg = Release|Any CPU
		{4AA1B681-E62F-4840-A114-F26F86A245D4}.Release|Any CPU.Build.0 = Release|Any CPU
	EndGlobalSection
	GlobalSection(SolutionProperties) = preSolution
		HideSolutionNode = FALSE
	EndGlobalSection
	GlobalSection(ExtensibilityGlobals) = postSolution
		SolutionGuid = {C8B972B9-E532-4DE1-834C-0B9F7165742B}
	EndGlobalSection
EndGlobal
