
Microsoft Visual Studio Solution File, Format Version 12.00
# Visual Studio Version 16
VisualStudioVersion = 16.0.30611.23
MinimumVisualStudioVersion = 10.0.40219.1
Project("{FAE04EC0-301F-11D3-BF4B-00C04F79EFBC}") = "FacetedBuilder", "FacetedBuilder\FacetedBuilder.csproj", "{AB27D725-672E-4868-8B59-8232C926C9F5}"
EndProject
Global
	GlobalSection(SolutionConfigurationPlatforms) = preSolution
		Debug|Any CPU = Debug|Any CPU
		Release|Any CPU = Release|Any CPU
	EndGlobalSection
	GlobalSection(ProjectConfigurationPlatforms) = postSolution
		{AB27D725-672E-4868-8B59-8232C926C9F5}.Debug|Any CPU.ActiveCfg = Debug|Any CPU
		{AB27D725-672E-4868-8B59-8232C926C9F5}.Debug|Any CPU.Build.0 = Debug|Any CPU
		{AB27D725-672E-4868-8B59-8232C926C9F5}.Release|Any CPU.ActiveCfg = Release|Any CPU
		{AB27D725-672E-4868-8B59-8232C926C9F5}.Release|Any CPU.Build.0 = Release|Any CPU
	EndGlobalSection
	GlobalSection(SolutionProperties) = preSolution
		HideSolutionNode = FALSE
	EndGlobalSection
	GlobalSection(ExtensibilityGlobals) = postSolution
		SolutionGuid = {B227EB7C-263A-46E3-A5B2-B334DDEBFB73}
	EndGlobalSection
EndGlobal
