
Microsoft Visual Studio Solution File, Format Version 12.00
# Visual Studio Version 16
VisualStudioVersion = 16.0.30804.86
MinimumVisualStudioVersion = 10.0.40219.1
Project("{FAE04EC0-301F-11D3-BF4B-00C04F79EFBC}") = "01-ProtectionProxy", "01-ProtectionProxy\01-ProtectionProxy.csproj", "{566C1848-7D55-441A-A795-5F241B88A535}"
EndProject
Global
	GlobalSection(SolutionConfigurationPlatforms) = preSolution
		Debug|Any CPU = Debug|Any CPU
		Release|Any CPU = Release|Any CPU
	EndGlobalSection
	GlobalSection(ProjectConfigurationPlatforms) = postSolution
		{566C1848-7D55-441A-A795-5F241B88A535}.Debug|Any CPU.ActiveCfg = Debug|Any CPU
		{566C1848-7D55-441A-A795-5F241B88A535}.Debug|Any CPU.Build.0 = Debug|Any CPU
		{566C1848-7D55-441A-A795-5F241B88A535}.Release|Any CPU.ActiveCfg = Release|Any CPU
		{566C1848-7D55-441A-A795-5F241B88A535}.Release|Any CPU.Build.0 = Release|Any CPU
	EndGlobalSection
	GlobalSection(SolutionProperties) = preSolution
		HideSolutionNode = FALSE
	EndGlobalSection
	GlobalSection(ExtensibilityGlobals) = postSolution
		SolutionGuid = {B1A2D814-3EF4-4AFD-A3FC-B9D212295E47}
	EndGlobalSection
EndGlobal
