
Microsoft Visual Studio Solution File, Format Version 12.00
# Visual Studio Version 16
VisualStudioVersion = 16.0.30804.86
MinimumVisualStudioVersion = 10.0.40219.1
Project("{FAE04EC0-301F-11D3-BF4B-00C04F79EFBC}") = "03-DynamicVisitor", "03-DynamicVisitor\03-DynamicVisitor.csproj", "{424C5FE3-939E-4D24-B492-4C3C969160BA}"
EndProject
Global
	GlobalSection(SolutionConfigurationPlatforms) = preSolution
		Debug|Any CPU = Debug|Any CPU
		Release|Any CPU = Release|Any CPU
	EndGlobalSection
	GlobalSection(ProjectConfigurationPlatforms) = postSolution
		{424C5FE3-939E-4D24-B492-4C3C969160BA}.Debug|Any CPU.ActiveCfg = Debug|Any CPU
		{424C5FE3-939E-4D24-B492-4C3C969160BA}.Debug|Any CPU.Build.0 = Debug|Any CPU
		{424C5FE3-939E-4D24-B492-4C3C969160BA}.Release|Any CPU.ActiveCfg = Release|Any CPU
		{424C5FE3-939E-4D24-B492-4C3C969160BA}.Release|Any CPU.Build.0 = Release|Any CPU
	EndGlobalSection
	GlobalSection(SolutionProperties) = preSolution
		HideSolutionNode = FALSE
	EndGlobalSection
	GlobalSection(ExtensibilityGlobals) = postSolution
		SolutionGuid = {79B0E838-FE88-41DC-9007-02901320ECF2}
	EndGlobalSection
EndGlobal
