
Microsoft Visual Studio Solution File, Format Version 12.00
# Visual Studio Version 16
VisualStudioVersion = 16.0.30804.86
MinimumVisualStudioVersion = 10.0.40219.1
Project("{FAE04EC0-301F-11D3-BF4B-00C04F79EFBC}") = "01-NullObject", "01-NullObject\01-NullObject.csproj", "{9A9700CB-323C-46D7-8C31-7CD01D0915DA}"
EndProject
Global
	GlobalSection(SolutionConfigurationPlatforms) = preSolution
		Debug|Any CPU = Debug|Any CPU
		Release|Any CPU = Release|Any CPU
	EndGlobalSection
	GlobalSection(ProjectConfigurationPlatforms) = postSolution
		{9A9700CB-323C-46D7-8C31-7CD01D0915DA}.Debug|Any CPU.ActiveCfg = Debug|Any CPU
		{9A9700CB-323C-46D7-8C31-7CD01D0915DA}.Debug|Any CPU.Build.0 = Debug|Any CPU
		{9A9700CB-323C-46D7-8C31-7CD01D0915DA}.Release|Any CPU.ActiveCfg = Release|Any CPU
		{9A9700CB-323C-46D7-8C31-7CD01D0915DA}.Release|Any CPU.Build.0 = Release|Any CPU
	EndGlobalSection
	GlobalSection(SolutionProperties) = preSolution
		HideSolutionNode = FALSE
	EndGlobalSection
	GlobalSection(ExtensibilityGlobals) = postSolution
		SolutionGuid = {C73E509B-861D-44F6-BC88-D2612F900494}
	EndGlobalSection
EndGlobal
