
Microsoft Visual Studio Solution File, Format Version 12.00
# Visual Studio Version 16
VisualStudioVersion = 16.0.30804.86
MinimumVisualStudioVersion = 10.0.40219.1
Project("{FAE04EC0-301F-11D3-BF4B-00C04F79EFBC}") = "01-Memento_Undo_Redo", "01-Memento_Undo_Redo\01-Memento_Undo_Redo.csproj", "{965E2388-B32A-4441-8F79-FAAE5C93BC91}"
EndProject
Global
	GlobalSection(SolutionConfigurationPlatforms) = preSolution
		Debug|Any CPU = Debug|Any CPU
		Release|Any CPU = Release|Any CPU
	EndGlobalSection
	GlobalSection(ProjectConfigurationPlatforms) = postSolution
		{965E2388-B32A-4441-8F79-FAAE5C93BC91}.Debug|Any CPU.ActiveCfg = Debug|Any CPU
		{965E2388-B32A-4441-8F79-FAAE5C93BC91}.Debug|Any CPU.Build.0 = Debug|Any CPU
		{965E2388-B32A-4441-8F79-FAAE5C93BC91}.Release|Any CPU.ActiveCfg = Release|Any CPU
		{965E2388-B32A-4441-8F79-FAAE5C93BC91}.Release|Any CPU.Build.0 = Release|Any CPU
	EndGlobalSection
	GlobalSection(SolutionProperties) = preSolution
		HideSolutionNode = FALSE
	EndGlobalSection
	GlobalSection(ExtensibilityGlobals) = postSolution
		SolutionGuid = {8C397CA6-1D82-48E9-9AE9-663009D893C1}
	EndGlobalSection
EndGlobal
