
Microsoft Visual Studio Solution File, Format Version 12.00
# Visual Studio Version 16
VisualStudioVersion = 16.0.30804.86
MinimumVisualStudioVersion = 10.0.40219.1
Project("{FAE04EC0-301F-11D3-BF4B-00C04F79EFBC}") = "01-Reflection-Based-Printing", "01-Reflection-Based-Printing\01-Reflection-Based-Printing.csproj", "{F20F9784-1121-4A02-8980-F763BAC5EA5A}"
EndProject
Global
	GlobalSection(SolutionConfigurationPlatforms) = preSolution
		Debug|Any CPU = Debug|Any CPU
		Release|Any CPU = Release|Any CPU
	EndGlobalSection
	GlobalSection(ProjectConfigurationPlatforms) = postSolution
		{F20F9784-1121-4A02-8980-F763BAC5EA5A}.Debug|Any CPU.ActiveCfg = Debug|Any CPU
		{F20F9784-1121-4A02-8980-F763BAC5EA5A}.Debug|Any CPU.Build.0 = Debug|Any CPU
		{F20F9784-1121-4A02-8980-F763BAC5EA5A}.Release|Any CPU.ActiveCfg = Release|Any CPU
		{F20F9784-1121-4A02-8980-F763BAC5EA5A}.Release|Any CPU.Build.0 = Release|Any CPU
	EndGlobalSection
	GlobalSection(SolutionProperties) = preSolution
		HideSolutionNode = FALSE
	EndGlobalSection
	GlobalSection(ExtensibilityGlobals) = postSolution
		SolutionGuid = {944B4F2C-F9D5-430E-A4C4-476DC139DBF1}
	EndGlobalSection
EndGlobal
