
Microsoft Visual Studio Solution File, Format Version 12.00
# Visual Studio Version 16
VisualStudioVersion = 16.0.30611.23
MinimumVisualStudioVersion = 10.0.40219.1
Project("{FAE04EC0-301F-11D3-BF4B-00C04F79EFBC}") = "Builder", "Builder\Builder.csproj", "{A8BD7A14-0E71-45B7-8E65-34322AB62DA3}"
EndProject
Global
	GlobalSection(SolutionConfigurationPlatforms) = preSolution
		Debug|Any CPU = Debug|Any CPU
		Release|Any CPU = Release|Any CPU
	EndGlobalSection
	GlobalSection(ProjectConfigurationPlatforms) = postSolution
		{A8BD7A14-0E71-45B7-8E65-34322AB62DA3}.Debug|Any CPU.ActiveCfg = Debug|Any CPU
		{A8BD7A14-0E71-45B7-8E65-34322AB62DA3}.Debug|Any CPU.Build.0 = Debug|Any CPU
		{A8BD7A14-0E71-45B7-8E65-34322AB62DA3}.Release|Any CPU.ActiveCfg = Release|Any CPU
		{A8BD7A14-0E71-45B7-8E65-34322AB62DA3}.Release|Any CPU.Build.0 = Release|Any CPU
	EndGlobalSection
	GlobalSection(SolutionProperties) = preSolution
		HideSolutionNode = FALSE
	EndGlobalSection
	GlobalSection(ExtensibilityGlobals) = postSolution
		SolutionGuid = {7742EB06-F783-441A-8B70-9D2729387315}
	EndGlobalSection
EndGlobal
