
Microsoft Visual Studio Solution File, Format Version 12.00
# Visual Studio Version 16
VisualStudioVersion = 16.0.30804.86
MinimumVisualStudioVersion = 10.0.40219.1
Project("{FAE04EC0-301F-11D3-BF4B-00C04F79EFBC}") = "03-ValueProxy", "03-ValueProxy\03-ValueProxy.csproj", "{0C07B342-CF7B-406A-BFE8-ACF35F7A3775}"
EndProject
Global
	GlobalSection(SolutionConfigurationPlatforms) = preSolution
		Debug|Any CPU = Debug|Any CPU
		Release|Any CPU = Release|Any CPU
	EndGlobalSection
	GlobalSection(ProjectConfigurationPlatforms) = postSolution
		{0C07B342-CF7B-406A-BFE8-ACF35F7A3775}.Debug|Any CPU.ActiveCfg = Debug|Any CPU
		{0C07B342-CF7B-406A-BFE8-ACF35F7A3775}.Debug|Any CPU.Build.0 = Debug|Any CPU
		{0C07B342-CF7B-406A-BFE8-ACF35F7A3775}.Release|Any CPU.ActiveCfg = Release|Any CPU
		{0C07B342-CF7B-406A-BFE8-ACF35F7A3775}.Release|Any CPU.Build.0 = Release|Any CPU
	EndGlobalSection
	GlobalSection(SolutionProperties) = preSolution
		HideSolutionNode = FALSE
	EndGlobalSection
	GlobalSection(ExtensibilityGlobals) = postSolution
		SolutionGuid = {6ED3BE7C-1936-4A05-8D04-9FB56B455659}
	EndGlobalSection
EndGlobal
