
Microsoft Visual Studio Solution File, Format Version 12.00
# Visual Studio Version 16
VisualStudioVersion = 16.0.30611.23
MinimumVisualStudioVersion = 10.0.40219.1
Project("{FAE04EC0-301F-11D3-BF4B-00C04F79EFBC}") = "AbstractFactory", "AbstractFactory\AbstractFactory.csproj", "{22E699F3-614D-4863-9C91-F43E0B804FE8}"
EndProject
Global
	GlobalSection(SolutionConfigurationPlatforms) = preSolution
		Debug|Any CPU = Debug|Any CPU
		Release|Any CPU = Release|Any CPU
	EndGlobalSection
	GlobalSection(ProjectConfigurationPlatforms) = postSolution
		{22E699F3-614D-4863-9C91-F43E0B804FE8}.Debug|Any CPU.ActiveCfg = Debug|Any CPU
		{22E699F3-614D-4863-9C91-F43E0B804FE8}.Debug|Any CPU.Build.0 = Debug|Any CPU
		{22E699F3-614D-4863-9C91-F43E0B804FE8}.Release|Any CPU.ActiveCfg = Release|Any CPU
		{22E699F3-614D-4863-9C91-F43E0B804FE8}.Release|Any CPU.Build.0 = Release|Any CPU
	EndGlobalSection
	GlobalSection(SolutionProperties) = preSolution
		HideSolutionNode = FALSE
	EndGlobalSection
	GlobalSection(ExtensibilityGlobals) = postSolution
		SolutionGuid = {15377F39-7CE2-40DB-9B64-E41B9D6E20FE}
	EndGlobalSection
EndGlobal
