
Microsoft Visual Studio Solution File, Format Version 12.00
# Visual Studio Version 16
VisualStudioVersion = 16.0.30611.23
MinimumVisualStudioVersion = 10.0.40219.1
Project("{FAE04EC0-301F-11D3-BF4B-00C04F79EFBC}") = "TemplateMethod", "TemplateMethod\TemplateMethod.csproj", "{0D0EB55D-FBE8-4CA1-B09B-C4EEF8EC3FE2}"
EndProject
Global
	GlobalSection(SolutionConfigurationPlatforms) = preSolution
		Debug|Any CPU = Debug|Any CPU
		Release|Any CPU = Release|Any CPU
	EndGlobalSection
	GlobalSection(ProjectConfigurationPlatforms) = postSolution
		{0D0EB55D-FBE8-4CA1-B09B-C4EEF8EC3FE2}.Debug|Any CPU.ActiveCfg = Debug|Any CPU
		{0D0EB55D-FBE8-4CA1-B09B-C4EEF8EC3FE2}.Debug|Any CPU.Build.0 = Debug|Any CPU
		{0D0EB55D-FBE8-4CA1-B09B-C4EEF8EC3FE2}.Release|Any CPU.ActiveCfg = Release|Any CPU
		{0D0EB55D-FBE8-4CA1-B09B-C4EEF8EC3FE2}.Release|Any CPU.Build.0 = Release|Any CPU
	EndGlobalSection
	GlobalSection(SolutionProperties) = preSolution
		HideSolutionNode = FALSE
	EndGlobalSection
	GlobalSection(ExtensibilityGlobals) = postSolution
		SolutionGuid = {0563AA8C-EB78-4969-BFFC-403E6A7ECB6E}
	EndGlobalSection
EndGlobal
