
Microsoft Visual Studio Solution File, Format Version 12.00
# Visual Studio Version 16
VisualStudioVersion = 16.0.30611.23
MinimumVisualStudioVersion = 10.0.40219.1
Project("{FAE04EC0-301F-11D3-BF4B-00C04F79EFBC}") = "CompositeNeuralNetwork", "CompositeNeuralNetwork\CompositeNeuralNetwork.csproj", "{719EE025-CF6A-41D1-975D-A823CF788484}"
EndProject
Global
	GlobalSection(SolutionConfigurationPlatforms) = preSolution
		Debug|Any CPU = Debug|Any CPU
		Release|Any CPU = Release|Any CPU
	EndGlobalSection
	GlobalSection(ProjectConfigurationPlatforms) = postSolution
		{719EE025-CF6A-41D1-975D-A823CF788484}.Debug|Any CPU.ActiveCfg = Debug|Any CPU
		{719EE025-CF6A-41D1-975D-A823CF788484}.Debug|Any CPU.Build.0 = Debug|Any CPU
		{719EE025-CF6A-41D1-975D-A823CF788484}.Release|Any CPU.ActiveCfg = Release|Any CPU
		{719EE025-CF6A-41D1-975D-A823CF788484}.Release|Any CPU.Build.0 = Release|Any CPU
	EndGlobalSection
	GlobalSection(SolutionProperties) = preSolution
		HideSolutionNode = FALSE
	EndGlobalSection
	GlobalSection(ExtensibilityGlobals) = postSolution
		SolutionGuid = {F3178C7D-EEE3-4A6B-A90A-4FBD80692A61}
	EndGlobalSection
EndGlobal
