
Microsoft Visual Studio Solution File, Format Version 12.00
# Visual Studio Version 16
VisualStudioVersion = 16.0.30804.86
MinimumVisualStudioVersion = 10.0.40219.1
Project("{FAE04EC0-301F-11D3-BF4B-00C04F79EFBC}") = "04-SwitchExpressions", "04-SwitchExpressions\04-SwitchExpressions.csproj", "{0998F645-2C21-48A8-9455-EB2AE91DF2ED}"
EndProject
Global
	GlobalSection(SolutionConfigurationPlatforms) = preSolution
		Debug|Any CPU = Debug|Any CPU
		Release|Any CPU = Release|Any CPU
	EndGlobalSection
	GlobalSection(ProjectConfigurationPlatforms) = postSolution
		{0998F645-2C21-48A8-9455-EB2AE91DF2ED}.Debug|Any CPU.ActiveCfg = Debug|Any CPU
		{0998F645-2C21-48A8-9455-EB2AE91DF2ED}.Debug|Any CPU.Build.0 = Debug|Any CPU
		{0998F645-2C21-48A8-9455-EB2AE91DF2ED}.Release|Any CPU.ActiveCfg = Release|Any CPU
		{0998F645-2C21-48A8-9455-EB2AE91DF2ED}.Release|Any CPU.Build.0 = Release|Any CPU
	EndGlobalSection
	GlobalSection(SolutionProperties) = preSolution
		HideSolutionNode = FALSE
	EndGlobalSection
	GlobalSection(ExtensibilityGlobals) = postSolution
		SolutionGuid = {6ECE67AB-1EA2-432D-AEFA-87DDBEAF0068}
	EndGlobalSection
EndGlobal
