
Microsoft Visual Studio Solution File, Format Version 12.00
# Visual Studio Version 16
VisualStudioVersion = 16.0.30611.23
MinimumVisualStudioVersion = 10.0.40219.1
Project("{FAE04EC0-301F-11D3-BF4B-00C04F79EFBC}") = "Visitor", "Visitor\Visitor.csproj", "{D62544EB-14FF-4292-B1C8-6A227ED6779D}"
EndProject
Global
	GlobalSection(SolutionConfigurationPlatforms) = preSolution
		Debug|Any CPU = Debug|Any CPU
		Release|Any CPU = Release|Any CPU
	EndGlobalSection
	GlobalSection(ProjectConfigurationPlatforms) = postSolution
		{D62544EB-14FF-4292-B1C8-6A227ED6779D}.Debug|Any CPU.ActiveCfg = Debug|Any CPU
		{D62544EB-14FF-4292-B1C8-6A227ED6779D}.Debug|Any CPU.Build.0 = Debug|Any CPU
		{D62544EB-14FF-4292-B1C8-6A227ED6779D}.Release|Any CPU.ActiveCfg = Release|Any CPU
		{D62544EB-14FF-4292-B1C8-6A227ED6779D}.Release|Any CPU.Build.0 = Release|Any CPU
	EndGlobalSection
	GlobalSection(SolutionProperties) = preSolution
		HideSolutionNode = FALSE
	EndGlobalSection
	GlobalSection(ExtensibilityGlobals) = postSolution
		SolutionGuid = {C93A662C-B6EB-4C65-BDFA-BAB6A42E728E}
	EndGlobalSection
EndGlobal
